
Microsoft Visual Studio Solution File, Format Version 12.00
# Visual Studio 2013
VisualStudioVersion = 12.0.30723.0
MinimumVisualStudioVersion = 10.0.40219.1
Project("{8BC9CEB8-8B4A-11D0-8D11-00A0C91BC942}") = "Exception", "Exception\Exception.vcxproj", "{835F6B0C-F9FF-42D1-98BE-9A49026B5E76}"
EndProject
Project("{8BC9CEB8-8B4A-11D0-8D11-00A0C91BC942}") = "StringStream", "StringStream\StringStream.vcxproj", "{D6D6BB71-0DF2-4C44-835B-400346CC8B0D}"
EndProject
Project("{8BC9CEB8-8B4A-11D0-8D11-00A0C91BC942}") = "TemplateTest", "TemplateTest\TemplateTest.vcxproj", "{CF83B92E-6294-4C4F-8630-35F53DD1715E}"
EndProject
Project("{8BC9CEB8-8B4A-11D0-8D11-00A0C91BC942}") = "TraitsProgramming", "TraitsProgramming\TraitsProgramming.vcxproj", "{AF1B91F7-F562-49B3-8CD9-7E2F1A590B04}"
EndProject
Project("{8BC9CEB8-8B4A-11D0-8D11-00A0C91BC942}") = "RecurTemplateArgObjectCount", "RecurTemplateArgObjectCount\RecurTemplateArgObjectCount.vcxproj", "{452E00D8-6807-424F-9920-55401C552743}"
EndProject
Project("{8BC9CEB8-8B4A-11D0-8D11-00A0C91BC942}") = "MetaProgramming", "MetaProgramming\MetaProgramming.vcxproj", "{1F582282-F8CC-43CD-9494-062972D391F8}"
EndProject
Project("{8BC9CEB8-8B4A-11D0-8D11-00A0C91BC942}") = "Bitset", "Bitset\Bitset.vcxproj", "{A5B366E9-29C8-4C8B-9B58-0A3C91E9EB10}"
EndProject
Project("{8BC9CEB8-8B4A-11D0-8D11-00A0C91BC942}") = "ValArray", "ValArray\ValArray.vcxproj", "{1B4BF3D4-38D2-421C-B96B-8472D2F0B516}"
EndProject
Project("{8BC9CEB8-8B4A-11D0-8D11-00A0C91BC942}") = "ValArgInC", "ValArgInC\ValArgInC.vcxproj", "{F24C3696-ED50-49C1-B9EC-720F9C734F20}"
EndProject
Project("{8BC9CEB8-8B4A-11D0-8D11-00A0C91BC942}") = "Cpp11FeaturesNew", "Cpp11FeaturesNew\Cpp11FeaturesNew.vcxproj", "{9531222A-9487-495E-B741-D60533AC542F}"
EndProject
Global
	GlobalSection(SolutionConfigurationPlatforms) = preSolution
		Debug|Win32 = Debug|Win32
		Release|Win32 = Release|Win32
	EndGlobalSection
	GlobalSection(ProjectConfigurationPlatforms) = postSolution
		{835F6B0C-F9FF-42D1-98BE-9A49026B5E76}.Debug|Win32.ActiveCfg = Debug|Win32
		{835F6B0C-F9FF-42D1-98BE-9A49026B5E76}.Debug|Win32.Build.0 = Debug|Win32
		{835F6B0C-F9FF-42D1-98BE-9A49026B5E76}.Release|Win32.ActiveCfg = Release|Win32
		{835F6B0C-F9FF-42D1-98BE-9A49026B5E76}.Release|Win32.Build.0 = Release|Win32
		{D6D6BB71-0DF2-4C44-835B-400346CC8B0D}.Debug|Win32.ActiveCfg = Debug|Win32
		{D6D6BB71-0DF2-4C44-835B-400346CC8B0D}.Debug|Win32.Build.0 = Debug|Win32
		{D6D6BB71-0DF2-4C44-835B-400346CC8B0D}.Release|Win32.ActiveCfg = Release|Win32
		{D6D6BB71-0DF2-4C44-835B-400346CC8B0D}.Release|Win32.Build.0 = Release|Win32
		{CF83B92E-6294-4C4F-8630-35F53DD1715E}.Debug|Win32.ActiveCfg = Debug|Win32
		{CF83B92E-6294-4C4F-8630-35F53DD1715E}.Debug|Win32.Build.0 = Debug|Win32
		{CF83B92E-6294-4C4F-8630-35F53DD1715E}.Release|Win32.ActiveCfg = Release|Win32
		{CF83B92E-6294-4C4F-8630-35F53DD1715E}.Release|Win32.Build.0 = Release|Win32
		{AF1B91F7-F562-49B3-8CD9-7E2F1A590B04}.Debug|Win32.ActiveCfg = Debug|Win32
		{AF1B91F7-F562-49B3-8CD9-7E2F1A590B04}.Debug|Win32.Build.0 = Debug|Win32
		{AF1B91F7-F562-49B3-8CD9-7E2F1A590B04}.Release|Win32.ActiveCfg = Release|Win32
		{AF1B91F7-F562-49B3-8CD9-7E2F1A590B04}.Release|Win32.Build.0 = Release|Win32
		{452E00D8-6807-424F-9920-55401C552743}.Debug|Win32.ActiveCfg = Debug|Win32
		{452E00D8-6807-424F-9920-55401C552743}.Debug|Win32.Build.0 = Debug|Win32
		{452E00D8-6807-424F-9920-55401C552743}.Release|Win32.ActiveCfg = Release|Win32
		{452E00D8-6807-424F-9920-55401C552743}.Release|Win32.Build.0 = Release|Win32
		{1F582282-F8CC-43CD-9494-062972D391F8}.Debug|Win32.ActiveCfg = Debug|Win32
		{1F582282-F8CC-43CD-9494-062972D391F8}.Debug|Win32.Build.0 = Debug|Win32
		{1F582282-F8CC-43CD-9494-062972D391F8}.Release|Win32.ActiveCfg = Release|Win32
		{1F582282-F8CC-43CD-9494-062972D391F8}.Release|Win32.Build.0 = Release|Win32
		{A5B366E9-29C8-4C8B-9B58-0A3C91E9EB10}.Debug|Win32.ActiveCfg = Debug|Win32
		{A5B366E9-29C8-4C8B-9B58-0A3C91E9EB10}.Debug|Win32.Build.0 = Debug|Win32
		{A5B366E9-29C8-4C8B-9B58-0A3C91E9EB10}.Release|Win32.ActiveCfg = Release|Win32
		{A5B366E9-29C8-4C8B-9B58-0A3C91E9EB10}.Release|Win32.Build.0 = Release|Win32
		{1B4BF3D4-38D2-421C-B96B-8472D2F0B516}.Debug|Win32.ActiveCfg = Debug|Win32
		{1B4BF3D4-38D2-421C-B96B-8472D2F0B516}.Debug|Win32.Build.0 = Debug|Win32
		{1B4BF3D4-38D2-421C-B96B-8472D2F0B516}.Release|Win32.ActiveCfg = Release|Win32
		{1B4BF3D4-38D2-421C-B96B-8472D2F0B516}.Release|Win32.Build.0 = Release|Win32
		{F24C3696-ED50-49C1-B9EC-720F9C734F20}.Debug|Win32.ActiveCfg = Debug|Win32
		{F24C3696-ED50-49C1-B9EC-720F9C734F20}.Debug|Win32.Build.0 = Debug|Win32
		{F24C3696-ED50-49C1-B9EC-720F9C734F20}.Release|Win32.ActiveCfg = Release|Win32
		{F24C3696-ED50-49C1-B9EC-720F9C734F20}.Release|Win32.Build.0 = Release|Win32
		{9531222A-9487-495E-B741-D60533AC542F}.Debug|Win32.ActiveCfg = Debug|Win32
		{9531222A-9487-495E-B741-D60533AC542F}.Debug|Win32.Build.0 = Debug|Win32
		{9531222A-9487-495E-B741-D60533AC542F}.Release|Win32.ActiveCfg = Release|Win32
		{9531222A-9487-495E-B741-D60533AC542F}.Release|Win32.Build.0 = Release|Win32
	EndGlobalSection
	GlobalSection(SolutionProperties) = preSolution
		HideSolutionNode = FALSE
	EndGlobalSection
EndGlobal
